
Microsoft Visual Studio Solution File, Format Version 12.00
# Visual Studio Version 17
VisualStudioVersion = 17.3.32922.545
MinimumVisualStudioVersion = 10.0.40219.1
Project("{FAE04EC0-301F-11D3-BF4B-00C04F79EFBC}") = "LeetCode", "LeetCode\LeetCode.csproj", "{F574D4C0-05DC-4B78-BDD0-EC684EFF8F28}"
	ProjectSection(ProjectDependencies) = postProject
		{C318CB5A-65DF-4C2D-B7C6-6C4CB2128B97} = {C318CB5A-65DF-4C2D-B7C6-6C4CB2128B97}
	EndProjectSection
EndProject
Project("{FAE04EC0-301F-11D3-BF4B-00C04F79EFBC}") = "Helpers", "Helpers\Helpers.csproj", "{C318CB5A-65DF-4C2D-B7C6-6C4CB2128B97}"
EndProject
Global
	GlobalSection(SolutionConfigurationPlatforms) = preSolution
		Debug|Any CPU = Debug|Any CPU
		Release|Any CPU = Release|Any CPU
	EndGlobalSection
	GlobalSection(ProjectConfigurationPlatforms) = postSolution
		{F574D4C0-05DC-4B78-BDD0-EC684EFF8F28}.Debug|Any CPU.ActiveCfg = Debug|Any CPU
		{F574D4C0-05DC-4B78-BDD0-EC684EFF8F28}.Debug|Any CPU.Build.0 = Debug|Any CPU
		{F574D4C0-05DC-4B78-BDD0-EC684EFF8F28}.Release|Any CPU.ActiveCfg = Release|Any CPU
		{F574D4C0-05DC-4B78-BDD0-EC684EFF8F28}.Release|Any CPU.Build.0 = Release|Any CPU
		{C318CB5A-65DF-4C2D-B7C6-6C4CB2128B97}.Debug|Any CPU.ActiveCfg = Debug|Any CPU
		{C318CB5A-65DF-4C2D-B7C6-6C4CB2128B97}.Debug|Any CPU.Build.0 = Debug|Any CPU
		{C318CB5A-65DF-4C2D-B7C6-6C4CB2128B97}.Release|Any CPU.ActiveCfg = Release|Any CPU
		{C318CB5A-65DF-4C2D-B7C6-6C4CB2128B97}.Release|Any CPU.Build.0 = Release|Any CPU
	EndGlobalSection
	GlobalSection(SolutionProperties) = preSolution
		HideSolutionNode = FALSE
	EndGlobalSection
	GlobalSection(ExtensibilityGlobals) = postSolution
		SolutionGuid = {B0CB60AE-6ADB-4D8B-AC41-E7BB58A5E53A}
	EndGlobalSection
EndGlobal
